// !$*UTF8*$!
{
	archiveVersion = 1;
	classes = {
	};
	objectVersion = 48;
	objects = {

/* Begin PBXBuildFile section */
		8FE45E211FCBE994008B6F89 /* AppDelegate.m in Sources */ = {isa = PBXBuildFile; fileRef = 8FE45E201FCBE994008B6F89 /* AppDelegate.m */; };
		8FE45E241FCBE994008B6F89 /* ViewController.m in Sources */ = {isa = PBXBuildFile; fileRef = 8FE45E231FCBE994008B6F89 /* ViewController.m */; };
		8FE45E271FCBE994008B6F89 /* Main.storyboard in Resources */ = {isa = PBXBuildFile; fileRef = 8FE45E251FCBE994008B6F89 /* Main.storyboard */; };
		8FE45E291FCBE994008B6F89 /* Assets.xcassets in Resources */ = {isa = PBXBuildFile; fileRef = 8FE45E281FCBE994008B6F89 /* Assets.xcassets */; };
		8FE45E2C1FCBE994008B6F89 /* LaunchScreen.storyboard in Resources */ = {isa = PBXBuildFile; fileRef = 8FE45E2A1FCBE994008B6F89 /* LaunchScreen.storyboard */; };
		8FE45E2F1FCBE994008B6F89 /* main.m in Sources */ = {isa = PBXBuildFile; fileRef = 8FE45E2E1FCBE994008B6F89 /* main.m */; };
		8FE45E391FCBE994008B6F89 /* UILocalizedIndexedCollationTests.m in Sources */ = {isa = PBXBuildFile; fileRef = 8FE45E381FCBE994008B6F89 /* UILocalizedIndexedCollationTests.m */; };
		8FE45E441FCBE994008B6F89 /* UILocalizedIndexedCollationUITests.m in Sources */ = {isa = PBXBuildFile; fileRef = 8FE45E431FCBE994008B6F89 /* UILocalizedIndexedCollationUITests.m */; };
		8FE45E531FCBE9CB008B6F89 /* TableViewController.m in Sources */ = {isa = PBXBuildFile; fileRef = 8FE45E521FCBE9CB008B6F89 /* TableViewController.m */; };
		8FE45E571FCBEAF6008B6F89 /* ShowModel.m in Sources */ = {isa = PBXBuildFile; fileRef = 8FE45E561FCBEAF6008B6F89 /* ShowModel.m */; };
/* End PBXBuildFile section */

/* Begin PBXContainerItemProxy section */
		8FE45E351FCBE994008B6F89 /* PBXContainerItemProxy */ = {
			isa = PBXContainerItemProxy;
			containerPortal = 8FE45E141FCBE994008B6F89 /* Project object */;
			proxyType = 1;
			remoteGlobalIDString = 8FE45E1B1FCBE994008B6F89;
			remoteInfo = UILocalizedIndexedCollation;
		};
		8FE45E401FCBE994008B6F89 /* PBXContainerItemProxy */ = {
			isa = PBXContainerItemProxy;
			containerPortal = 8FE45E141FCBE994008B6F89 /* Project object */;
			proxyType = 1;
			remoteGlobalIDString = 8FE45E1B1FCBE994008B6F89;
			remoteInfo = UILocalizedIndexedCollation;
		};
/* End PBXContainerItemProxy section */

/* Begin PBXFileReference section */
		8FE45E1C1FCBE994008B6F89 /* UILocalizedIndexedCollation.app */ = {isa = PBXFileReference; explicitFileType = wrapper.application; includeInIndex = 0; path = UILocalizedIndexedCollation.app; sourceTree = BUILT_PRODUCTS_DIR; };
		8FE45E1F1FCBE994008B6F89 /* AppDelegate.h */ = {isa = PBXFileReference; lastKnownFileType = sourcecode.c.h; path = AppDelegate.h; sourceTree = "<group>"; };
		8FE45E201FCBE994008B6F89 /* AppDelegate.m */ = {isa = PBXFileReference; lastKnownFileType = sourcecode.c.objc; path = AppDelegate.m; sourceTree = "<group>"; };
		8FE45E221FCBE994008B6F89 /* ViewController.h */ = {isa = PBXFileReference; lastKnownFileType = sourcecode.c.h; path = ViewController.h; sourceTree = "<group>"; };
		8FE45E231FCBE994008B6F89 /* ViewController.m */ = {isa = PBXFileReference; lastKnownFileType = sourcecode.c.objc; path = ViewController.m; sourceTree = "<group>"; };
		8FE45E261FCBE994008B6F89 /* Base */ = {isa = PBXFileReference; lastKnownFileType = file.storyboard; name = Base; path = Base.lproj/Main.storyboard; sourceTree = "<group>"; };
		8FE45E281FCBE994008B6F89 /* Assets.xcassets */ = {isa = PBXFileReference; lastKnownFileType = folder.assetcatalog; path = Assets.xcassets; sourceTree = "<group>"; };
		8FE45E2B1FCBE994008B6F89 /* Base */ = {isa = PBXFileReference; lastKnownFileType = file.storyboard; name = Base; path = Base.lproj/LaunchScreen.storyboard; sourceTree = "<group>"; };
		8FE45E2D1FCBE994008B6F89 /* Info.plist */ = {isa = PBXFileReference; lastKnownFileType = text.plist.xml; path = Info.plist; sourceTree = "<group>"; };
		8FE45E2E1FCBE994008B6F89 /* main.m */ = {isa = PBXFileReference; lastKnownFileType = sourcecode.c.objc; path = main.m; sourceTree = "<group>"; };
		8FE45E341FCBE994008B6F89 /* UILocalizedIndexedCollationTests.xctest */ = {isa = PBXFileReference; explicitFileType = wrapper.cfbundle; includeInIndex = 0; path = UILocalizedIndexedCollationTests.xctest; sourceTree = BUILT_PRODUCTS_DIR; };
		8FE45E381FCBE994008B6F89 /* UILocalizedIndexedCollationTests.m */ = {isa = PBXFileReference; lastKnownFileType = sourcecode.c.objc; path = UILocalizedIndexedCollationTests.m; sourceTree = "<group>"; };
		8FE45E3A1FCBE994008B6F89 /* Info.plist */ = {isa = PBXFileReference; lastKnownFileType = text.plist.xml; path = Info.plist; sourceTree = "<group>"; };
		8FE45E3F1FCBE994008B6F89 /* UILocalizedIndexedCollationUITests.xctest */ = {isa = PBXFileReference; explicitFileType = wrapper.cfbundle; includeInIndex = 0; path = UILocalizedIndexedCollationUITests.xctest; sourceTree = BUILT_PRODUCTS_DIR; };
		8FE45E431FCBE994008B6F89 /* UILocalizedIndexedCollationUITests.m */ = {isa = PBXFileReference; lastKnownFileType = sourcecode.c.objc; path = UILocalizedIndexedCollationUITests.m; sourceTree = "<group>"; };
		8FE45E451FCBE994008B6F89 /* Info.plist */ = {isa = PBXFileReference; lastKnownFileType = text.plist.xml; path = Info.plist; sourceTree = "<group>"; };
		8FE45E511FCBE9CB008B6F89 /* TableViewController.h */ = {isa = PBXFileReference; lastKnownFileType = sourcecode.c.h; path = TableViewController.h; sourceTree = "<group>"; };
		8FE45E521FCBE9CB008B6F89 /* TableViewController.m */ = {isa = PBXFileReference; lastKnownFileType = sourcecode.c.objc; path = TableViewController.m; sourceTree = "<group>"; };
		8FE45E551FCBEAF6008B6F89 /* ShowModel.h */ = {isa = PBXFileReference; lastKnownFileType = sourcecode.c.h; path = ShowModel.h; sourceTree = "<group>"; };
		8FE45E561FCBEAF6008B6F89 /* ShowModel.m */ = {isa = PBXFileReference; lastKnownFileType = sourcecode.c.objc; path = ShowModel.m; sourceTree = "<group>"; };
/* End PBXFileReference section */

/* Begin PBXFrameworksBuildPhase section */
		8FE45E191FCBE994008B6F89 /* Frameworks */ = {
			isa = PBXFrameworksBuildPhase;
			buildActionMask = 2147483647;
			files = (
			);
			runOnlyForDeploymentPostprocessing = 0;
		};
		8FE45E311FCBE994008B6F89 /* Frameworks */ = {
			isa = PBXFrameworksBuildPhase;
			buildActionMask = 2147483647;
			files = (
			);
			runOnlyForDeploymentPostprocessing = 0;
		};
		8FE45E3C1FCBE994008B6F89 /* Frameworks */ = {
			isa = PBXFrameworksBuildPhase;
			buildActionMask = 2147483647;
			files = (
			);
			runOnlyForDeploymentPostprocessing = 0;
		};
/* End PBXFrameworksBuildPhase section */

/* Begin PBXGroup section */
		8FE45E131FCBE994008B6F89 = {
			isa = PBXGroup;
			children = (
				8FE45E1E1FCBE994008B6F89 /* UILocalizedIndexedCollation */,
				8FE45E371FCBE994008B6F89 /* UILocalizedIndexedCollationTests */,
				8FE45E421FCBE994008B6F89 /* UILocalizedIndexedCollationUITests */,
				8FE45E1D1FCBE994008B6F89 /* Products */,
			);
			sourceTree = "<group>";
		};
		8FE45E1D1FCBE994008B6F89 /* Products */ = {
			isa = PBXGroup;
			children = (
				8FE45E1C1FCBE994008B6F89 /* UILocalizedIndexedCollation.app */,
				8FE45E341FCBE994008B6F89 /* UILocalizedIndexedCollationTests.xctest */,
				8FE45E3F1FCBE994008B6F89 /* UILocalizedIndexedCollationUITests.xctest */,
			);
			name = Products;
			sourceTree = "<group>";
		};
		8FE45E1E1FCBE994008B6F89 /* UILocalizedIndexedCollation */ = {
			isa = PBXGroup;
			children = (
				8FE45E541FCBE9CF008B6F89 /* Classes */,
				8FE45E1F1FCBE994008B6F89 /* AppDelegate.h */,
				8FE45E201FCBE994008B6F89 /* AppDelegate.m */,
				8FE45E221FCBE994008B6F89 /* ViewController.h */,
				8FE45E231FCBE994008B6F89 /* ViewController.m */,
				8FE45E251FCBE994008B6F89 /* Main.storyboard */,
				8FE45E281FCBE994008B6F89 /* Assets.xcassets */,
				8FE45E2A1FCBE994008B6F89 /* LaunchScreen.storyboard */,
				8FE45E2D1FCBE994008B6F89 /* Info.plist */,
				8FE45E2E1FCBE994008B6F89 /* main.m */,
			);
			path = UILocalizedIndexedCollation;
			sourceTree = "<group>";
		};
		8FE45E371FCBE994008B6F89 /* UILocalizedIndexedCollationTests */ = {
			isa = PBXGroup;
			children = (
				8FE45E381FCBE994008B6F89 /* UILocalizedIndexedCollationTests.m */,
				8FE45E3A1FCBE994008B6F89 /* Info.plist */,
			);
			path = UILocalizedIndexedCollationTests;
			sourceTree = "<group>";
		};
		8FE45E421FCBE994008B6F89 /* UILocalizedIndexedCollationUITests */ = {
			isa = PBXGroup;
			children = (
				8FE45E431FCBE994008B6F89 /* UILocalizedIndexedCollationUITests.m */,
				8FE45E451FCBE994008B6F89 /* Info.plist */,
			);
			path = UILocalizedIndexedCollationUITests;
			sourceTree = "<group>";
		};
		8FE45E541FCBE9CF008B6F89 /* Classes */ = {
			isa = PBXGroup;
			children = (
				8FE45E511FCBE9CB008B6F89 /* TableViewController.h */,
				8FE45E521FCBE9CB008B6F89 /* TableViewController.m */,
				8FE45E551FCBEAF6008B6F89 /* ShowModel.h */,
				8FE45E561FCBEAF6008B6F89 /* ShowModel.m */,
			);
			path = Classes;
			sourceTree = "<group>";
		};
/* End PBXGroup section */

/* Begin PBXNativeTarget section */
		8FE45E1B1FCBE994008B6F89 /* UILocalizedIndexedCollation */ = {
			isa = PBXNativeTarget;
			buildConfigurationList = 8FE45E481FCBE994008B6F89 /* Build configuration list for PBXNativeTarget "UILocalizedIndexedCollation" */;
			buildPhases = (
				8FE45E181FCBE994008B6F89 /* Sources */,
				8FE45E191FCBE994008B6F89 /* Frameworks */,
				8FE45E1A1FCBE994008B6F89 /* Resources */,
			);
			buildRules = (
			);
			dependencies = (
			);
			name = UILocalizedIndexedCollation;
			productName = UILocalizedIndexedCollation;
			productReference = 8FE45E1C1FCBE994008B6F89 /* UILocalizedIndexedCollation.app */;
			productType = "com.apple.product-type.application";
		};
		8FE45E331FCBE994008B6F89 /* UILocalizedIndexedCollationTests */ = {
			isa = PBXNativeTarget;
			buildConfigurationList = 8FE45E4B1FCBE994008B6F89 /* Build configuration list for PBXNativeTarget "UILocalizedIndexedCollationTests" */;
			buildPhases = (
				8FE45E301FCBE994008B6F89 /* Sources */,
				8FE45E311FCBE994008B6F89 /* Frameworks */,
				8FE45E321FCBE994008B6F89 /* Resources */,
			);
			buildRules = (
			);
			dependencies = (
				8FE45E361FCBE994008B6F89 /* PBXTargetDependency */,
			);
			name = UILocalizedIndexedCollationTests;
			productName = UILocalizedIndexedCollationTests;
			productReference = 8FE45E341FCBE994008B6F89 /* UILocalizedIndexedCollationTests.xctest */;
			productType = "com.apple.product-type.bundle.unit-test";
		};
		8FE45E3E1FCBE994008B6F89 /* UILocalizedIndexedCollationUITests */ = {
			isa = PBXNativeTarget;
			buildConfigurationList = 8FE45E4E1FCBE994008B6F89 /* Build configuration list for PBXNativeTarget "UILocalizedIndexedCollationUITests" */;
			buildPhases = (
				8FE45E3B1FCBE994008B6F89 /* Sources */,
				8FE45E3C1FCBE994008B6F89 /* Frameworks */,
				8FE45E3D1FCBE994008B6F89 /* Resources */,
			);
			buildRules = (
			);
			dependencies = (
				8FE45E411FCBE994008B6F89 /* PBXTargetDependency */,
			);
			name = UILocalizedIndexedCollationUITests;
			productName = UILocalizedIndexedCollationUITests;
			productReference = 8FE45E3F1FCBE994008B6F89 /* UILocalizedIndexedCollationUITests.xctest */;
			productType = "com.apple.product-type.bundle.ui-testing";
		};
/* End PBXNativeTarget section */

/* Begin PBXProject section */
		8FE45E141FCBE994008B6F89 /* Project object */ = {
			isa = PBXProject;
			attributes = {
				LastUpgradeCheck = 0910;
				ORGANIZATIONNAME = Macx;
				TargetAttributes = {
					8FE45E1B1FCBE994008B6F89 = {
						CreatedOnToolsVersion = 9.1;
						ProvisioningStyle = Automatic;
					};
					8FE45E331FCBE994008B6F89 = {
						CreatedOnToolsVersion = 9.1;
						ProvisioningStyle = Automatic;
						TestTargetID = 8FE45E1B1FCBE994008B6F89;
					};
					8FE45E3E1FCBE994008B6F89 = {
						CreatedOnToolsVersion = 9.1;
						ProvisioningStyle = Automatic;
						TestTargetID = 8FE45E1B1FCBE994008B6F89;
					};
				};
			};
			buildConfigurationList = 8FE45E171FCBE994008B6F89 /* Build configuration list for PBXProject "UILocalizedIndexedCollation" */;
			compatibilityVersion = "Xcode 8.0";
			developmentRegion = en;
			hasScannedForEncodings = 0;
			knownRegions = (
				en,
				Base,
			);
			mainGroup = 8FE45E131FCBE994008B6F89;
			productRefGroup = 8FE45E1D1FCBE994008B6F89 /* Products */;
			projectDirPath = "";
			projectRoot = "";
			targets = (
				8FE45E1B1FCBE994008B6F89 /* UILocalizedIndexedCollation */,
				8FE45E331FCBE994008B6F89 /* UILocalizedIndexedCollationTests */,
				8FE45E3E1FCBE994008B6F89 /* UILocalizedIndexedCollationUITests */,
			);
		};
/* End PBXProject section */

/* Begin PBXResourcesBuildPhase section */
		8FE45E1A1FCBE994008B6F89 /* Resources */ = {
			isa = PBXResourcesBuildPhase;
			buildActionMask = 2147483647;
			files = (
				8FE45E2C1FCBE994008B6F89 /* LaunchScreen.storyboard in Resources */,
				8FE45E291FCBE994008B6F89 /* Assets.xcassets in Resources */,
				8FE45E271FCBE994008B6F89 /* Main.storyboard in Resources */,
			);
			runOnlyForDeploymentPostprocessing = 0;
		};
		8FE45E321FCBE994008B6F89 /* Resources */ = {
			isa = PBXResourcesBuildPhase;
			buildActionMask = 2147483647;
			files = (
			);
			runOnlyForDeploymentPostprocessing = 0;
		};
		8FE45E3D1FCBE994008B6F89 /* Resources */ = {
			isa = PBXResourcesBuildPhase;
			buildActionMask = 2147483647;
			files = (
			);
			runOnlyForDeploymentPostprocessing = 0;
		};
/* End PBXResourcesBuildPhase section */

/* Begin PBXSourcesBuildPhase section */
		8FE45E181FCBE994008B6F89 /* Sources */ = {
			isa = PBXSourcesBuildPhase;
			buildActionMask = 2147483647;
			files = (
				8FE45E241FCBE994008B6F89 /* ViewController.m in Sources */,
				8FE45E2F1FCBE994008B6F89 /* main.m in Sources */,
				8FE45E211FCBE994008B6F89 /* AppDelegate.m in Sources */,
				8FE45E531FCBE9CB008B6F89 /* TableViewController.m in Sources */,
				8FE45E571FCBEAF6008B6F89 /* ShowModel.m in Sources */,
			);
			runOnlyForDeploymentPostprocessing = 0;
		};
		8FE45E301FCBE994008B6F89 /* Sources */ = {
			isa = PBXSourcesBuildPhase;
			buildActionMask = 2147483647;
			files = (
				8FE45E391FCBE994008B6F89 /* UILocalizedIndexedCollationTests.m in Sources */,
			);
			runOnlyForDeploymentPostprocessing = 0;
		};
		8FE45E3B1FCBE994008B6F89 /* Sources */ = {
			isa = PBXSourcesBuildPhase;
			buildActionMask = 2147483647;
			files = (
				8FE45E441FCBE994008B6F89 /* UILocalizedIndexedCollationUITests.m in Sources */,
			);
			runOnlyForDeploymentPostprocessing = 0;
		};
/* End PBXSourcesBuildPhase section */

/* Begin PBXTargetDependency section */
		8FE45E361FCBE994008B6F89 /* PBXTargetDependency */ = {
			isa = PBXTargetDependency;
			target = 8FE45E1B1FCBE994008B6F89 /* UILocalizedIndexedCollation */;
			targetProxy = 8FE45E351FCBE994008B6F89 /* PBXContainerItemProxy */;
		};
		8FE45E411FCBE994008B6F89 /* PBXTargetDependency */ = {
			isa = PBXTargetDependency;
			target = 8FE45E1B1FCBE994008B6F89 /* UILocalizedIndexedCollation */;
			targetProxy = 8FE45E401FCBE994008B6F89 /* PBXContainerItemProxy */;
		};
/* End PBXTargetDependency section */

/* Begin PBXVariantGroup section */
		8FE45E251FCBE994008B6F89 /* Main.storyboard */ = {
			isa = PBXVariantGroup;
			children = (
				8FE45E261FCBE994008B6F89 /* Base */,
			);
			name = Main.storyboard;
			sourceTree = "<group>";
		};
		8FE45E2A1FCBE994008B6F89 /* LaunchScreen.storyboard */ = {
			isa = PBXVariantGroup;
			children = (
				8FE45E2B1FCBE994008B6F89 /* Base */,
			);
			name = LaunchScreen.storyboard;
			sourceTree = "<group>";
		};
/* End PBXVariantGroup section */

/* Begin XCBuildConfiguration section */
		8FE45E461FCBE994008B6F89 /* Debug */ = {
			isa = XCBuildConfiguration;
			buildSettings = {
				ALWAYS_SEARCH_USER_PATHS = NO;
				CLANG_ANALYZER_NONNULL = YES;
				CLANG_ANALYZER_NUMBER_OBJECT_CONVERSION = YES_AGGRESSIVE;
				CLANG_CXX_LANGUAGE_STANDARD = "gnu++14";
				CLANG_CXX_LIBRARY = "libc++";
				CLANG_ENABLE_MODULES = YES;
				CLANG_ENABLE_OBJC_ARC = YES;
				CLANG_WARN_BLOCK_CAPTURE_AUTORELEASING = YES;
				CLANG_WARN_BOOL_CONVERSION = YES;
				CLANG_WARN_COMMA = YES;
				CLANG_WARN_CONSTANT_CONVERSION = YES;
				CLANG_WARN_DIRECT_OBJC_ISA_USAGE = YES_ERROR;
				CLANG_WARN_DOCUMENTATION_COMMENTS = YES;
				CLANG_WARN_EMPTY_BODY = YES;
				CLANG_WARN_ENUM_CONVERSION = YES;
				CLANG_WARN_INFINITE_RECURSION = YES;
				CLANG_WARN_INT_CONVERSION = YES;
				CLANG_WARN_NON_LITERAL_NULL_CONVERSION = YES;
				CLANG_WARN_OBJC_LITERAL_CONVERSION = YES;
				CLANG_WARN_OBJC_ROOT_CLASS = YES_ERROR;
				CLANG_WARN_RANGE_LOOP_ANALYSIS = YES;
				CLANG_WARN_STRICT_PROTOTYPES = YES;
				CLANG_WARN_SUSPICIOUS_MOVE = YES;
				CLANG_WARN_UNGUARDED_AVAILABILITY = YES_AGGRESSIVE;
				CLANG_WARN_UNREACHABLE_CODE = YES;
				CLANG_WARN__DUPLICATE_METHOD_MATCH = YES;
				CODE_SIGN_IDENTITY = "iPhone Developer";
				COPY_PHASE_STRIP = NO;
				DEBUG_INFORMATION_FORMAT = dwarf;
				ENABLE_STRICT_OBJC_MSGSEND = YES;
				ENABLE_TESTABILITY = YES;
				GCC_C_LANGUAGE_STANDARD = gnu11;
				GCC_DYNAMIC_NO_PIC = NO;
				GCC_NO_COMMON_BLOCKS = YES;
				GCC_OPTIMIZATION_LEVEL = 0;
				GCC_PREPROCESSOR_DEFINITIONS = (
					"DEBUG=1",
					"$(inherited)",
				);
				GCC_WARN_64_TO_32_BIT_CONVERSION = YES;
				GCC_WARN_ABOUT_RETURN_TYPE = YES_ERROR;
				GCC_WARN_UNDECLARED_SELECTOR = YES;
				GCC_WARN_UNINITIALIZED_AUTOS = YES_AGGRESSIVE;
				GCC_WARN_UNUSED_FUNCTION = YES;
				GCC_WARN_UNUSED_VARIABLE = YES;
				IPHONEOS_DEPLOYMENT_TARGET = 11.1;
				MTL_ENABLE_DEBUG_INFO = YES;
				ONLY_ACTIVE_ARCH = YES;
				SDKROOT = iphoneos;
			};
			name = Debug;
		};
		8FE45E471FCBE994008B6F89 /* Release */ = {
			isa = XCBuildConfiguration;
			buildSettings = {
				ALWAYS_SEARCH_USER_PATHS = NO;
				CLANG_ANALYZER_NONNULL = YES;
				CLANG_ANALYZER_NUMBER_OBJECT_CONVERSION = YES_AGGRESSIVE;
				CLANG_CXX_LANGUAGE_STANDARD = "gnu++14";
				CLANG_CXX_LIBRARY = "libc++";
				CLANG_ENABLE_MODULES = YES;
				CLANG_ENABLE_OBJC_ARC = YES;
				CLANG_WARN_BLOCK_CAPTURE_AUTORELEASING = YES;
				CLANG_WARN_BOOL_CONVERSION = YES;
				CLANG_WARN_COMMA = YES;
				CLANG_WARN_CONSTANT_CONVERSION = YES;
				CLANG_WARN_DIRECT_OBJC_ISA_USAGE = YES_ERROR;
				CLANG_WARN_DOCUMENTATION_COMMENTS = YES;
				CLANG_WARN_EMPTY_BODY = YES;
				CLANG_WARN_ENUM_CONVERSION = YES;
				CLANG_WARN_INFINITE_RECURSION = YES;
				CLANG_WARN_INT_CONVERSION = YES;
				CLANG_WARN_NON_LITERAL_NULL_CONVERSION = YES;
				CLANG_WARN_OBJC_LITERAL_CONVERSION = YES;
				CLANG_WARN_OBJC_ROOT_CLASS = YES_ERROR;
				CLANG_WARN_RANGE_LOOP_ANALYSIS = YES;
				CLANG_WARN_STRICT_PROTOTYPES = YES;
				CLANG_WARN_SUSPICIOUS_MOVE = YES;
				CLANG_WARN_UNGUARDED_AVAILABILITY = YES_AGGRESSIVE;
				CLANG_WARN_UNREACHABLE_CODE = YES;
				CLANG_WARN__DUPLICATE_METHOD_MATCH = YES;
				CODE_SIGN_IDENTITY = "iPhone Developer";
				COPY_PHASE_STRIP = NO;
				DEBUG_INFORMATION_FORMAT = "dwarf-with-dsym";
				ENABLE_NS_ASSERTIONS = NO;
				ENABLE_STRICT_OBJC_MSGSEND = YES;
				GCC_C_LANGUAGE_STANDARD = gnu11;
				GCC_NO_COMMON_BLOCKS = YES;
				GCC_WARN_64_TO_32_BIT_CONVERSION = YES;
				GCC_WARN_ABOUT_RETURN_TYPE = YES_ERROR;
				GCC_WARN_UNDECLARED_SELECTOR = YES;
				GCC_WARN_UNINITIALIZED_AUTOS = YES_AGGRESSIVE;
				GCC_WARN_UNUSED_FUNCTION = YES;
				GCC_WARN_UNUSED_VARIABLE = YES;
				IPHONEOS_DEPLOYMENT_TARGET = 11.1;
				MTL_ENABLE_DEBUG_INFO = NO;
				SDKROOT = iphoneos;
				VALIDATE_PRODUCT = YES;
			};
			name = Release;
		};
		8FE45E491FCBE994008B6F89 /* Debug */ = {
			isa = XCBuildConfiguration;
			buildSettings = {
				ASSETCATALOG_COMPILER_APPICON_NAME = AppIcon;
				CODE_SIGN_STYLE = Automatic;
				DEVELOPMENT_TEAM = LGN7SU938D;
				INFOPLIST_FILE = UILocalizedIndexedCollation/Info.plist;
				LD_RUNPATH_SEARCH_PATHS = "$(inherited) @executable_path/Frameworks";
				PRODUCT_BUNDLE_IDENTIFIER = com.qianft.UILocalizedIndexedCollation;
				PRODUCT_NAME = "$(TARGET_NAME)";
				TARGETED_DEVICE_FAMILY = "1,2";
			};
			name = Debug;
		};
		8FE45E4A1FCBE994008B6F89 /* Release */ = {
			isa = XCBuildConfiguration;
			buildSettings = {
				ASSETCATALOG_COMPILER_APPICON_NAME = AppIcon;
				CODE_SIGN_STYLE = Automatic;
				DEVELOPMENT_TEAM = LGN7SU938D;
				INFOPLIST_FILE = UILocalizedIndexedCollation/Info.plist;
				LD_RUNPATH_SEARCH_PATHS = "$(inherited) @executable_path/Frameworks";
				PRODUCT_BUNDLE_IDENTIFIER = com.qianft.UILocalizedIndexedCollation;
				PRODUCT_NAME = "$(TARGET_NAME)";
				TARGETED_DEVICE_FAMILY = "1,2";
			};
			name = Release;
		};
		8FE45E4C1FCBE994008B6F89 /* Debug */ = {
			isa = XCBuildConfiguration;
			buildSettings = {
				BUNDLE_LOADER = "$(TEST_HOST)";
				CODE_SIGN_STYLE = Automatic;
				DEVELOPMENT_TEAM = LGN7SU938D;
				INFOPLIST_FILE = UILocalizedIndexedCollationTests/Info.plist;
				LD_RUNPATH_SEARCH_PATHS = "$(inherited) @executable_path/Frameworks @loader_path/Frameworks";
				PRODUCT_BUNDLE_IDENTIFIER = com.qianft.UILocalizedIndexedCollationTests;
				PRODUCT_NAME = "$(TARGET_NAME)";
				TARGETED_DEVICE_FAMILY = "1,2";
				TEST_HOST = "$(BUILT_PRODUCTS_DIR)/UILocalizedIndexedCollation.app/UILocalizedIndexedCollation";
			};
			name = Debug;
		};
		8FE45E4D1FCBE994008B6F89 /* Release */ = {
			isa = XCBuildConfiguration;
			buildSettings = {
				BUNDLE_LOADER = "$(TEST_HOST)";
				CODE_SIGN_STYLE = Automatic;
				DEVELOPMENT_TEAM = LGN7SU938D;
				INFOPLIST_FILE = UILocalizedIndexedCollationTests/Info.plist;
				LD_RUNPATH_SEARCH_PATHS = "$(inherited) @executable_path/Frameworks @loader_path/Frameworks";
				PRODUCT_BUNDLE_IDENTIFIER = com.qianft.UILocalizedIndexedCollationTests;
				PRODUCT_NAME = "$(TARGET_NAME)";
				TARGETED_DEVICE_FAMILY = "1,2";
				TEST_HOST = "$(BUILT_PRODUCTS_DIR)/UILocalizedIndexedCollation.app/UILocalizedIndexedCollation";
			};
			name = Release;
		};
		8FE45E4F1FCBE994008B6F89 /* Debug */ = {
			isa = XCBuildConfiguration;
			buildSettings = {
				CODE_SIGN_STYLE = Automatic;
				DEVELOPMENT_TEAM = LGN7SU938D;
				INFOPLIST_FILE = UILocalizedIndexedCollationUITests/Info.plist;
				LD_RUNPATH_SEARCH_PATHS = "$(inherited) @executable_path/Frameworks @loader_path/Frameworks";
				PRODUCT_BUNDLE_IDENTIFIER = com.qianft.UILocalizedIndexedCollationUITests;
				PRODUCT_NAME = "$(TARGET_NAME)";
				TARGETED_DEVICE_FAMILY = "1,2";
				TEST_TARGET_NAME = UILocalizedIndexedCollation;
			};
			name = Debug;
		};
		8FE45E501FCBE994008B6F89 /* Release */ = {
			isa = XCBuildConfiguration;
			buildSettings = {
				CODE_SIGN_STYLE = Automatic;
				DEVELOPMENT_TEAM = LGN7SU938D;
				INFOPLIST_FILE = UILocalizedIndexedCollationUITests/Info.plist;
				LD_RUNPATH_SEARCH_PATHS = "$(inherited) @executable_path/Frameworks @loader_path/Frameworks";
				PRODUCT_BUNDLE_IDENTIFIER = com.qianft.UILocalizedIndexedCollationUITests;
				PRODUCT_NAME = "$(TARGET_NAME)";
				TARGETED_DEVICE_FAMILY = "1,2";
				TEST_TARGET_NAME = UILocalizedIndexedCollation;
			};
			name = Release;
		};
/* End XCBuildConfiguration section */

/* Begin XCConfigurationList section */
		8FE45E171FCBE994008B6F89 /* Build configuration list for PBXProject "UILocalizedIndexedCollation" */ = {
			isa = XCConfigurationList;
			buildConfigurations = (
				8FE45E461FCBE994008B6F89 /* Debug */,
				8FE45E471FCBE994008B6F89 /* Release */,
			);
			defaultConfigurationIsVisible = 0;
			defaultConfigurationName = Release;
		};
		8FE45E481FCBE994008B6F89 /* Build configuration list for PBXNativeTarget "UILocalizedIndexedCollation" */ = {
			isa = XCConfigurationList;
			buildConfigurations = (
				8FE45E491FCBE994008B6F89 /* Debug */,
				8FE45E4A1FCBE994008B6F89 /* Release */,
			);
			defaultConfigurationIsVisible = 0;
			defaultConfigurationName = Release;
		};
		8FE45E4B1FCBE994008B6F89 /* Build configuration list for PBXNativeTarget "UILocalizedIndexedCollationTests" */ = {
			isa = XCConfigurationList;
			buildConfigurations = (
				8FE45E4C1FCBE994008B6F89 /* Debug */,
				8FE45E4D1FCBE994008B6F89 /* Release */,
			);
			defaultConfigurationIsVisible = 0;
			defaultConfigurationName = Release;
		};
		8FE45E4E1FCBE994008B6F89 /* Build configuration list for PBXNativeTarget "UILocalizedIndexedCollationUITests" */ = {
			isa = XCConfigurationList;
			buildConfigurations = (
				8FE45E4F1FCBE994008B6F89 /* Debug */,
				8FE45E501FCBE994008B6F89 /* Release */,
			);
			defaultConfigurationIsVisible = 0;
			defaultConfigurationName = Release;
		};
/* End XCConfigurationList section */
	};
	rootObject = 8FE45E141FCBE994008B6F89 /* Project object */;
}
